
Microsoft Visual Studio Solution File, Format Version 12.00
# Visual Studio Version 16
VisualStudioVersion = 16.0.30907.101
MinimumVisualStudioVersion = 10.0.40219.1
Project("{9A19103F-16F7-4668-BE54-9A1E7A4F7556}") = "Solution.API.W", "Solution.API.W\Solution.API.W.csproj", "{0B3CD914-4068-4B7E-B533-DFF64EA47F2D}"
EndProject
Project("{9A19103F-16F7-4668-BE54-9A1E7A4F7556}") = "Solution.API", "Solution.API\Solution.API.csproj", "{B14E9452-12E3-40D1-8613-6659A00FEE2D}"
EndProject
Project("{9A19103F-16F7-4668-BE54-9A1E7A4F7556}") = "Solution.BS", "Solution.BS\Solution.BS.csproj", "{B2C82389-509A-419C-94C0-59D26A358702}"
EndProject
Project("{9A19103F-16F7-4668-BE54-9A1E7A4F7556}") = "Solution.DAL", "Solution.DAL\Solution.DAL.csproj", "{EB748279-F32D-453C-B660-981A75899F42}"
EndProject
Project("{9A19103F-16F7-4668-BE54-9A1E7A4F7556}") = "Solution.DAL.EF", "Solution.DAL.EF\Solution.DAL.EF.csproj", "{730CD5CA-0F16-4904-8B8E-08E8E3DEF1B1}"
EndProject
Project("{9A19103F-16F7-4668-BE54-9A1E7A4F7556}") = "Solution.DAL.Repository", "Solution.DAL.Repository\Solution.DAL.Repository.csproj", "{3331A902-F525-4D59-A0F1-A24B428F5807}"
EndProject
Project("{9A19103F-16F7-4668-BE54-9A1E7A4F7556}") = "Solution.DO", "Solution.DO\Solution.DO.csproj", "{D628666A-F4AA-4A88-96FC-76D2B5C472A0}"
EndProject
Global
	GlobalSection(SolutionConfigurationPlatforms) = preSolution
		Debug|Any CPU = Debug|Any CPU
		Release|Any CPU = Release|Any CPU
	EndGlobalSection
	GlobalSection(ProjectConfigurationPlatforms) = postSolution
		{0B3CD914-4068-4B7E-B533-DFF64EA47F2D}.Debug|Any CPU.ActiveCfg = Debug|Any CPU
		{0B3CD914-4068-4B7E-B533-DFF64EA47F2D}.Debug|Any CPU.Build.0 = Debug|Any CPU
		{0B3CD914-4068-4B7E-B533-DFF64EA47F2D}.Release|Any CPU.ActiveCfg = Release|Any CPU
		{0B3CD914-4068-4B7E-B533-DFF64EA47F2D}.Release|Any CPU.Build.0 = Release|Any CPU
		{B14E9452-12E3-40D1-8613-6659A00FEE2D}.Debug|Any CPU.ActiveCfg = Debug|Any CPU
		{B14E9452-12E3-40D1-8613-6659A00FEE2D}.Debug|Any CPU.Build.0 = Debug|Any CPU
		{B14E9452-12E3-40D1-8613-6659A00FEE2D}.Release|Any CPU.ActiveCfg = Release|Any CPU
		{B14E9452-12E3-40D1-8613-6659A00FEE2D}.Release|Any CPU.Build.0 = Release|Any CPU
		{B2C82389-509A-419C-94C0-59D26A358702}.Debug|Any CPU.ActiveCfg = Debug|Any CPU
		{B2C82389-509A-419C-94C0-59D26A358702}.Debug|Any CPU.Build.0 = Debug|Any CPU
		{B2C82389-509A-419C-94C0-59D26A358702}.Release|Any CPU.ActiveCfg = Release|Any CPU
		{B2C82389-509A-419C-94C0-59D26A358702}.Release|Any CPU.Build.0 = Release|Any CPU
		{EB748279-F32D-453C-B660-981A75899F42}.Debug|Any CPU.ActiveCfg = Debug|Any CPU
		{EB748279-F32D-453C-B660-981A75899F42}.Debug|Any CPU.Build.0 = Debug|Any CPU
		{EB748279-F32D-453C-B660-981A75899F42}.Release|Any CPU.ActiveCfg = Release|Any CPU
		{EB748279-F32D-453C-B660-981A75899F42}.Release|Any CPU.Build.0 = Release|Any CPU
		{730CD5CA-0F16-4904-8B8E-08E8E3DEF1B1}.Debug|Any CPU.ActiveCfg = Debug|Any CPU
		{730CD5CA-0F16-4904-8B8E-08E8E3DEF1B1}.Debug|Any CPU.Build.0 = Debug|Any CPU
		{730CD5CA-0F16-4904-8B8E-08E8E3DEF1B1}.Release|Any CPU.ActiveCfg = Release|Any CPU
		{730CD5CA-0F16-4904-8B8E-08E8E3DEF1B1}.Release|Any CPU.Build.0 = Release|Any CPU
		{3331A902-F525-4D59-A0F1-A24B428F5807}.Debug|Any CPU.ActiveCfg = Debug|Any CPU
		{3331A902-F525-4D59-A0F1-A24B428F5807}.Debug|Any CPU.Build.0 = Debug|Any CPU
		{3331A902-F525-4D59-A0F1-A24B428F5807}.Release|Any CPU.ActiveCfg = Release|Any CPU
		{3331A902-F525-4D59-A0F1-A24B428F5807}.Release|Any CPU.Build.0 = Release|Any CPU
		{D628666A-F4AA-4A88-96FC-76D2B5C472A0}.Debug|Any CPU.ActiveCfg = Debug|Any CPU
		{D628666A-F4AA-4A88-96FC-76D2B5C472A0}.Debug|Any CPU.Build.0 = Debug|Any CPU
		{D628666A-F4AA-4A88-96FC-76D2B5C472A0}.Release|Any CPU.ActiveCfg = Release|Any CPU
		{D628666A-F4AA-4A88-96FC-76D2B5C472A0}.Release|Any CPU.Build.0 = Release|Any CPU
	EndGlobalSection
	GlobalSection(SolutionProperties) = preSolution
		HideSolutionNode = FALSE
	EndGlobalSection
	GlobalSection(ExtensibilityGlobals) = postSolution
		SolutionGuid = {808234B2-7ECC-47C8-8B21-7C781D3E7C0B}
	EndGlobalSection
EndGlobal
